// !$*UTF8*$!
{
	archiveVersion = 1;
	classes = {
	};
	objectVersion = 50;
	objects = {

/* Begin PBXBuildFile section */
		BD1B1995261DC218005E93F5 /* Image.swift in Sources */ = {isa = PBXBuildFile; fileRef = BD1B1994261DC218005E93F5 /* Image.swift */; };
		BD1E8F2D264177C70036AEFA /* Colour.swift in Sources */ = {isa = PBXBuildFile; fileRef = BD1E8F28264177C60036AEFA /* Colour.swift */; };
		BD1E8F30264177C70036AEFA /* LocalNotification.swift in Sources */ = {isa = PBXBuildFile; fileRef = BD1E8F2B264177C70036AEFA /* LocalNotification.swift */; };
		BD1E8F3226418A140036AEFA /* DateFormat.swift in Sources */ = {isa = PBXBuildFile; fileRef = BD1E8F3126418A140036AEFA /* DateFormat.swift */; };
		BD26E1E32629F3E70019F02D /* FormViewController.swift in Sources */ = {isa = PBXBuildFile; fileRef = BD26E1E22629F3E70019F02D /* FormViewController.swift */; };
		BD26E1E72629FEBF0019F02D /* DatabaseManager.swift in Sources */ = {isa = PBXBuildFile; fileRef = BD26E1E62629FEBF0019F02D /* DatabaseManager.swift */; };
		BD2E8B9926285D2B00A6E052 /* UIViewController+alert.swift in Sources */ = {isa = PBXBuildFile; fileRef = BD2E8B9826285D2B00A6E052 /* UIViewController+alert.swift */; };
		BD63E53225FB8D1100FCB17C /* AppDelegate.swift in Sources */ = {isa = PBXBuildFile; fileRef = BD63E53125FB8D1100FCB17C /* AppDelegate.swift */; };
		BD63E53425FB8D1100FCB17C /* SceneDelegate.swift in Sources */ = {isa = PBXBuildFile; fileRef = BD63E53325FB8D1100FCB17C /* SceneDelegate.swift */; };
		BD63E53625FB8D1100FCB17C /* HomeViewController.swift in Sources */ = {isa = PBXBuildFile; fileRef = BD63E53525FB8D1100FCB17C /* HomeViewController.swift */; };
		BD63E53C25FB8D1100FCB17C /* ListApp.xcdatamodeld in Sources */ = {isa = PBXBuildFile; fileRef = BD63E53A25FB8D1100FCB17C /* ListApp.xcdatamodeld */; };
		BD63E53E25FB8D1100FCB17C /* Assets.xcassets in Resources */ = {isa = PBXBuildFile; fileRef = BD63E53D25FB8D1100FCB17C /* Assets.xcassets */; };
		BD63E54125FB8D1100FCB17C /* LaunchScreen.storyboard in Resources */ = {isa = PBXBuildFile; fileRef = BD63E53F25FB8D1100FCB17C /* LaunchScreen.storyboard */; };
		BD63E54D25FB8E8D00FCB17C /* ListTableViewCell.swift in Sources */ = {isa = PBXBuildFile; fileRef = BD63E54C25FB8E8D00FCB17C /* ListTableViewCell.swift */; };
		BD63E55E25FBA51100FCB17C /* NoteViewModel.swift in Sources */ = {isa = PBXBuildFile; fileRef = BD63E55D25FBA51100FCB17C /* NoteViewModel.swift */; };
		BD63E56425FBA84000FCB17C /* UIColor+HexString.swift in Sources */ = {isa = PBXBuildFile; fileRef = BD63E56325FBA84000FCB17C /* UIColor+HexString.swift */; };
		BD73EED126039484001FECF2 /* Category.swift in Sources */ = {isa = PBXBuildFile; fileRef = BD73EED026039484001FECF2 /* Category.swift */; };
		BD9EEF8E262315220010CDBD /* NotificationManager.swift in Sources */ = {isa = PBXBuildFile; fileRef = BD9EEF8D262315220010CDBD /* NotificationManager.swift */; };
		BDA1D320260B85DE0045D383 /* CompletedGoalViewController.swift in Sources */ = {isa = PBXBuildFile; fileRef = BDA1D31F260B85DE0045D383 /* CompletedGoalViewController.swift */; };
		BDA1D323260B877A0045D383 /* CompletedNoteTableViewCell.swift in Sources */ = {isa = PBXBuildFile; fileRef = BDA1D322260B877A0045D383 /* CompletedNoteTableViewCell.swift */; };
		BDA2B4172629BCF1008805B2 /* NotificationViewModel.swift in Sources */ = {isa = PBXBuildFile; fileRef = BDA2B4162629BCF1008805B2 /* NotificationViewModel.swift */; };
		BDA2B41C2629CA8F008805B2 /* FormTextTableViewCell.swift in Sources */ = {isa = PBXBuildFile; fileRef = BDA2B41B2629CA8F008805B2 /* FormTextTableViewCell.swift */; };
		BDA2B4202629CAB1008805B2 /* FormButtonTableViewCell.swift in Sources */ = {isa = PBXBuildFile; fileRef = BDA2B41F2629CAB1008805B2 /* FormButtonTableViewCell.swift */; };
		BDA2B4232629CAD4008805B2 /* FormCategoryTableViewCell.swift in Sources */ = {isa = PBXBuildFile; fileRef = BDA2B4222629CAD4008805B2 /* FormCategoryTableViewCell.swift */; };
		BDA2B4262629CAF0008805B2 /* FormDescriptionTableViewCell.swift in Sources */ = {isa = PBXBuildFile; fileRef = BDA2B4252629CAF0008805B2 /* FormDescriptionTableViewCell.swift */; };
		BDA2B4292629CB05008805B2 /* FormEndDatePickerTableViewCell.swift in Sources */ = {isa = PBXBuildFile; fileRef = BDA2B4282629CB05008805B2 /* FormEndDatePickerTableViewCell.swift */; };
		BDA2B42C2629CBDA008805B2 /* FormViewModel.swift in Sources */ = {isa = PBXBuildFile; fileRef = BDA2B42B2629CBDA008805B2 /* FormViewModel.swift */; };
		BDA2B42F2629CC23008805B2 /* FormComponent.swift in Sources */ = {isa = PBXBuildFile; fileRef = BDA2B42E2629CC23008805B2 /* FormComponent.swift */; };
		BDA2B4332629CDD0008805B2 /* Protocol.swift in Sources */ = {isa = PBXBuildFile; fileRef = BDA2B4322629CDD0008805B2 /* Protocol.swift */; };
/* End PBXBuildFile section */

/* Begin PBXFileReference section */
		BD1B1994261DC218005E93F5 /* Image.swift */ = {isa = PBXFileReference; lastKnownFileType = sourcecode.swift; path = Image.swift; sourceTree = "<group>"; };
		BD1E8F28264177C60036AEFA /* Colour.swift */ = {isa = PBXFileReference; fileEncoding = 4; lastKnownFileType = sourcecode.swift; path = Colour.swift; sourceTree = "<group>"; };
		BD1E8F2B264177C70036AEFA /* LocalNotification.swift */ = {isa = PBXFileReference; fileEncoding = 4; lastKnownFileType = sourcecode.swift; path = LocalNotification.swift; sourceTree = "<group>"; };
		BD1E8F3126418A140036AEFA /* DateFormat.swift */ = {isa = PBXFileReference; fileEncoding = 4; lastKnownFileType = sourcecode.swift; path = DateFormat.swift; sourceTree = "<group>"; };
		BD26E1E22629F3E70019F02D /* FormViewController.swift */ = {isa = PBXFileReference; lastKnownFileType = sourcecode.swift; path = FormViewController.swift; sourceTree = "<group>"; };
		BD26E1E62629FEBF0019F02D /* DatabaseManager.swift */ = {isa = PBXFileReference; lastKnownFileType = sourcecode.swift; path = DatabaseManager.swift; sourceTree = "<group>"; };
		BD2E8B9826285D2B00A6E052 /* UIViewController+alert.swift */ = {isa = PBXFileReference; lastKnownFileType = sourcecode.swift; path = "UIViewController+alert.swift"; sourceTree = "<group>"; };
		BD63E52E25FB8D1100FCB17C /* ListApp.app */ = {isa = PBXFileReference; explicitFileType = wrapper.application; includeInIndex = 0; path = ListApp.app; sourceTree = BUILT_PRODUCTS_DIR; };
		BD63E53125FB8D1100FCB17C /* AppDelegate.swift */ = {isa = PBXFileReference; lastKnownFileType = sourcecode.swift; path = AppDelegate.swift; sourceTree = "<group>"; };
		BD63E53325FB8D1100FCB17C /* SceneDelegate.swift */ = {isa = PBXFileReference; lastKnownFileType = sourcecode.swift; path = SceneDelegate.swift; sourceTree = "<group>"; };
		BD63E53525FB8D1100FCB17C /* HomeViewController.swift */ = {isa = PBXFileReference; lastKnownFileType = sourcecode.swift; path = HomeViewController.swift; sourceTree = "<group>"; };
		BD63E53B25FB8D1100FCB17C /* ListApp.xcdatamodel */ = {isa = PBXFileReference; lastKnownFileType = wrapper.xcdatamodel; path = ListApp.xcdatamodel; sourceTree = "<group>"; };
		BD63E53D25FB8D1100FCB17C /* Assets.xcassets */ = {isa = PBXFileReference; lastKnownFileType = folder.assetcatalog; path = Assets.xcassets; sourceTree = "<group>"; };
		BD63E54025FB8D1100FCB17C /* Base */ = {isa = PBXFileReference; lastKnownFileType = file.storyboard; name = Base; path = Base.lproj/LaunchScreen.storyboard; sourceTree = "<group>"; };
		BD63E54225FB8D1100FCB17C /* Info.plist */ = {isa = PBXFileReference; lastKnownFileType = text.plist.xml; path = Info.plist; sourceTree = "<group>"; };
		BD63E54C25FB8E8D00FCB17C /* ListTableViewCell.swift */ = {isa = PBXFileReference; lastKnownFileType = sourcecode.swift; name = ListTableViewCell.swift; path = ListApp/TableViewCell/Note/ListTableViewCell.swift; sourceTree = SOURCE_ROOT; };
		BD63E55D25FBA51100FCB17C /* NoteViewModel.swift */ = {isa = PBXFileReference; lastKnownFileType = sourcecode.swift; path = NoteViewModel.swift; sourceTree = "<group>"; };
		BD63E56325FBA84000FCB17C /* UIColor+HexString.swift */ = {isa = PBXFileReference; lastKnownFileType = sourcecode.swift; path = "UIColor+HexString.swift"; sourceTree = "<group>"; };
		BD73EED026039484001FECF2 /* Category.swift */ = {isa = PBXFileReference; lastKnownFileType = sourcecode.swift; path = Category.swift; sourceTree = "<group>"; };
		BD9EEF8D262315220010CDBD /* NotificationManager.swift */ = {isa = PBXFileReference; lastKnownFileType = sourcecode.swift; path = NotificationManager.swift; sourceTree = "<group>"; };
		BDA1D31F260B85DE0045D383 /* CompletedGoalViewController.swift */ = {isa = PBXFileReference; lastKnownFileType = sourcecode.swift; path = CompletedGoalViewController.swift; sourceTree = "<group>"; };
		BDA1D322260B877A0045D383 /* CompletedNoteTableViewCell.swift */ = {isa = PBXFileReference; lastKnownFileType = sourcecode.swift; name = CompletedNoteTableViewCell.swift; path = ListApp/TableViewCell/Note/CompletedNoteTableViewCell.swift; sourceTree = SOURCE_ROOT; };
		BDA2B4162629BCF1008805B2 /* NotificationViewModel.swift */ = {isa = PBXFileReference; lastKnownFileType = sourcecode.swift; path = NotificationViewModel.swift; sourceTree = "<group>"; };
		BDA2B41B2629CA8F008805B2 /* FormTextTableViewCell.swift */ = {isa = PBXFileReference; lastKnownFileType = sourcecode.swift; path = FormTextTableViewCell.swift; sourceTree = "<group>"; };
		BDA2B41F2629CAB1008805B2 /* FormButtonTableViewCell.swift */ = {isa = PBXFileReference; lastKnownFileType = sourcecode.swift; path = FormButtonTableViewCell.swift; sourceTree = "<group>"; };
		BDA2B4222629CAD4008805B2 /* FormCategoryTableViewCell.swift */ = {isa = PBXFileReference; lastKnownFileType = sourcecode.swift; path = FormCategoryTableViewCell.swift; sourceTree = "<group>"; };
		BDA2B4252629CAF0008805B2 /* FormDescriptionTableViewCell.swift */ = {isa = PBXFileReference; lastKnownFileType = sourcecode.swift; path = FormDescriptionTableViewCell.swift; sourceTree = "<group>"; };
		BDA2B4282629CB05008805B2 /* FormEndDatePickerTableViewCell.swift */ = {isa = PBXFileReference; lastKnownFileType = sourcecode.swift; path = FormEndDatePickerTableViewCell.swift; sourceTree = "<group>"; };
		BDA2B42B2629CBDA008805B2 /* FormViewModel.swift */ = {isa = PBXFileReference; lastKnownFileType = sourcecode.swift; path = FormViewModel.swift; sourceTree = "<group>"; };
		BDA2B42E2629CC23008805B2 /* FormComponent.swift */ = {isa = PBXFileReference; lastKnownFileType = sourcecode.swift; path = FormComponent.swift; sourceTree = "<group>"; };
		BDA2B4322629CDD0008805B2 /* Protocol.swift */ = {isa = PBXFileReference; lastKnownFileType = sourcecode.swift; path = Protocol.swift; sourceTree = "<group>"; };
/* End PBXFileReference section */

/* Begin PBXFrameworksBuildPhase section */
		BD63E52B25FB8D1100FCB17C /* Frameworks */ = {
			isa = PBXFrameworksBuildPhase;
			buildActionMask = 2147483647;
			files = (
			);
			runOnlyForDeploymentPostprocessing = 0;
		};
/* End PBXFrameworksBuildPhase section */

/* Begin PBXGroup section */
		BD26E1E52629FEB00019F02D /* DatabaseManager */ = {
			isa = PBXGroup;
			children = (
				BD26E1E62629FEBF0019F02D /* DatabaseManager.swift */,
			);
			path = DatabaseManager;
			sourceTree = "<group>";
		};
		BD63E52525FB8D1100FCB17C = {
			isa = PBXGroup;
			children = (
				BD63E53025FB8D1100FCB17C /* ListApp */,
				BD63E52F25FB8D1100FCB17C /* Products */,
			);
			sourceTree = "<group>";
		};
		BD63E52F25FB8D1100FCB17C /* Products */ = {
			isa = PBXGroup;
			children = (
				BD63E52E25FB8D1100FCB17C /* ListApp.app */,
			);
			name = Products;
			sourceTree = "<group>";
		};
		BD63E53025FB8D1100FCB17C /* ListApp */ = {
			isa = PBXGroup;
			children = (
				BD26E1E52629FEB00019F02D /* DatabaseManager */,
				BDA2B4312629CDBF008805B2 /* Protocol */,
				BD9EEF8C262315160010CDBD /* Notification */,
				BD82533D261778B200F77788 /* Model */,
				BDC02F15260CFC3400805EA9 /* TableViewCell */,
				BD73EECF2603947A001FECF2 /* Enum */,
				BD63E56225FBA83300FCB17C /* Extension */,
				BD63E56025FBA51600FCB17C /* ViewModel */,
				BD63E54A25FB8E6F00FCB17C /* ViewController */,
				BD63E53125FB8D1100FCB17C /* AppDelegate.swift */,
				BD63E53325FB8D1100FCB17C /* SceneDelegate.swift */,
				BD63E53D25FB8D1100FCB17C /* Assets.xcassets */,
				BD63E53F25FB8D1100FCB17C /* LaunchScreen.storyboard */,
				BD63E54225FB8D1100FCB17C /* Info.plist */,
				BD63E53A25FB8D1100FCB17C /* ListApp.xcdatamodeld */,
			);
			path = ListApp;
			sourceTree = "<group>";
		};
		BD63E54A25FB8E6F00FCB17C /* ViewController */ = {
			isa = PBXGroup;
			children = (
				BD63E53525FB8D1100FCB17C /* HomeViewController.swift */,
				BDA1D31F260B85DE0045D383 /* CompletedGoalViewController.swift */,
				BD26E1E22629F3E70019F02D /* FormViewController.swift */,
			);
			path = ViewController;
			sourceTree = "<group>";
		};
		BD63E56025FBA51600FCB17C /* ViewModel */ = {
			isa = PBXGroup;
			children = (
				BD63E55D25FBA51100FCB17C /* NoteViewModel.swift */,
				BDA2B4162629BCF1008805B2 /* NotificationViewModel.swift */,
				BDA2B42B2629CBDA008805B2 /* FormViewModel.swift */,
			);
			path = ViewModel;
			sourceTree = "<group>";
		};
		BD63E56225FBA83300FCB17C /* Extension */ = {
			isa = PBXGroup;
			children = (
				BD63E56325FBA84000FCB17C /* UIColor+HexString.swift */,
				BD2E8B9826285D2B00A6E052 /* UIViewController+alert.swift */,
			);
			path = Extension;
			sourceTree = "<group>";
		};
		BD73EECF2603947A001FECF2 /* Enum */ = {
			isa = PBXGroup;
			children = (
				BD73EED026039484001FECF2 /* Category.swift */,
			);
			path = Enum;
			sourceTree = "<group>";
		};
		BD82533D261778B200F77788 /* Model */ = {
			isa = PBXGroup;
			children = (
				BD1E8F3126418A140036AEFA /* DateFormat.swift */,
				BD1B1994261DC218005E93F5 /* Image.swift */,
				BDA2B42E2629CC23008805B2 /* FormComponent.swift */,
				BD1E8F28264177C60036AEFA /* Colour.swift */,
				BD1E8F2B264177C70036AEFA /* LocalNotification.swift */,
			);
			path = Model;
			sourceTree = "<group>";
		};
		BD9EEF8C262315160010CDBD /* Notification */ = {
			isa = PBXGroup;
			children = (
				BD9EEF8D262315220010CDBD /* NotificationManager.swift */,
			);
			path = Notification;
			sourceTree = "<group>";
		};
		BDA2B4192629CA63008805B2 /* Note */ = {
			isa = PBXGroup;
			children = (
				BDA1D322260B877A0045D383 /* CompletedNoteTableViewCell.swift */,
				BD63E54C25FB8E8D00FCB17C /* ListTableViewCell.swift */,
			);
			path = Note;
			sourceTree = "<group>";
		};
		BDA2B41A2629CA70008805B2 /* Form */ = {
			isa = PBXGroup;
			children = (
				BDA2B41B2629CA8F008805B2 /* FormTextTableViewCell.swift */,
				BDA2B41F2629CAB1008805B2 /* FormButtonTableViewCell.swift */,
				BDA2B4222629CAD4008805B2 /* FormCategoryTableViewCell.swift */,
				BDA2B4252629CAF0008805B2 /* FormDescriptionTableViewCell.swift */,
				BDA2B4282629CB05008805B2 /* FormEndDatePickerTableViewCell.swift */,
			);
			path = Form;
			sourceTree = "<group>";
		};
		BDA2B4312629CDBF008805B2 /* Protocol */ = {
			isa = PBXGroup;
			children = (
				BDA2B4322629CDD0008805B2 /* Protocol.swift */,
			);
			path = Protocol;
			sourceTree = "<group>";
		};
		BDC02F15260CFC3400805EA9 /* TableViewCell */ = {
			isa = PBXGroup;
			children = (
				BDA2B41A2629CA70008805B2 /* Form */,
				BDA2B4192629CA63008805B2 /* Note */,
			);
			path = TableViewCell;
			sourceTree = "<group>";
		};
/* End PBXGroup section */

/* Begin PBXNativeTarget section */
		BD63E52D25FB8D1100FCB17C /* ListApp */ = {
			isa = PBXNativeTarget;
			buildConfigurationList = BD63E54525FB8D1100FCB17C /* Build configuration list for PBXNativeTarget "ListApp" */;
			buildPhases = (
				BD63E52A25FB8D1100FCB17C /* Sources */,
				BD63E52B25FB8D1100FCB17C /* Frameworks */,
				BD63E52C25FB8D1100FCB17C /* Resources */,
			);
			buildRules = (
			);
			dependencies = (
			);
			name = ListApp;
			productName = ListApp;
			productReference = BD63E52E25FB8D1100FCB17C /* ListApp.app */;
			productType = "com.apple.product-type.application";
		};
/* End PBXNativeTarget section */

/* Begin PBXProject section */
		BD63E52625FB8D1100FCB17C /* Project object */ = {
			isa = PBXProject;
			attributes = {
				LastSwiftUpdateCheck = 1240;
				LastUpgradeCheck = 1240;
				TargetAttributes = {
					BD63E52D25FB8D1100FCB17C = {
						CreatedOnToolsVersion = 12.4;
					};
				};
			};
			buildConfigurationList = BD63E52925FB8D1100FCB17C /* Build configuration list for PBXProject "life-goals" */;
			compatibilityVersion = "Xcode 9.3";
			developmentRegion = en;
			hasScannedForEncodings = 0;
			knownRegions = (
				en,
				Base,
			);
			mainGroup = BD63E52525FB8D1100FCB17C;
			productRefGroup = BD63E52F25FB8D1100FCB17C /* Products */;
			projectDirPath = "";
			projectRoot = "";
			targets = (
				BD63E52D25FB8D1100FCB17C /* ListApp */,
			);
		};
/* End PBXProject section */

/* Begin PBXResourcesBuildPhase section */
		BD63E52C25FB8D1100FCB17C /* Resources */ = {
			isa = PBXResourcesBuildPhase;
			buildActionMask = 2147483647;
			files = (
				BD63E54125FB8D1100FCB17C /* LaunchScreen.storyboard in Resources */,
				BD63E53E25FB8D1100FCB17C /* Assets.xcassets in Resources */,
			);
			runOnlyForDeploymentPostprocessing = 0;
		};
/* End PBXResourcesBuildPhase section */

/* Begin PBXSourcesBuildPhase section */
		BD63E52A25FB8D1100FCB17C /* Sources */ = {
			isa = PBXSourcesBuildPhase;
			buildActionMask = 2147483647;
			files = (
				BD2E8B9926285D2B00A6E052 /* UIViewController+alert.swift in Sources */,
				BDA2B4332629CDD0008805B2 /* Protocol.swift in Sources */,
				BD63E55E25FBA51100FCB17C /* NoteViewModel.swift in Sources */,
				BDA2B4232629CAD4008805B2 /* FormCategoryTableViewCell.swift in Sources */,
				BDA1D323260B877A0045D383 /* CompletedNoteTableViewCell.swift in Sources */,
				BD73EED126039484001FECF2 /* Category.swift in Sources */,
				BDA2B42C2629CBDA008805B2 /* FormViewModel.swift in Sources */,
				BDA2B4172629BCF1008805B2 /* NotificationViewModel.swift in Sources */,
				BDA2B42F2629CC23008805B2 /* FormComponent.swift in Sources */,
				BD9EEF8E262315220010CDBD /* NotificationManager.swift in Sources */,
				BDA2B4202629CAB1008805B2 /* FormButtonTableViewCell.swift in Sources */,
				BD63E53625FB8D1100FCB17C /* HomeViewController.swift in Sources */,
				BD1E8F30264177C70036AEFA /* LocalNotification.swift in Sources */,
				BD63E53C25FB8D1100FCB17C /* ListApp.xcdatamodeld in Sources */,
				BD26E1E32629F3E70019F02D /* FormViewController.swift in Sources */,
				BDA2B4262629CAF0008805B2 /* FormDescriptionTableViewCell.swift in Sources */,
				BDA2B4292629CB05008805B2 /* FormEndDatePickerTableViewCell.swift in Sources */,
				BD1E8F3226418A140036AEFA /* DateFormat.swift in Sources */,
				BDA2B41C2629CA8F008805B2 /* FormTextTableViewCell.swift in Sources */,
				BD26E1E72629FEBF0019F02D /* DatabaseManager.swift in Sources */,
				BD1B1995261DC218005E93F5 /* Image.swift in Sources */,
				BD1E8F2D264177C70036AEFA /* Colour.swift in Sources */,
				BD63E53225FB8D1100FCB17C /* AppDelegate.swift in Sources */,
				BD63E53425FB8D1100FCB17C /* SceneDelegate.swift in Sources */,
				BD63E54D25FB8E8D00FCB17C /* ListTableViewCell.swift in Sources */,
				BDA1D320260B85DE0045D383 /* CompletedGoalViewController.swift in Sources */,
				BD63E56425FBA84000FCB17C /* UIColor+HexString.swift in Sources */,
			);
			runOnlyForDeploymentPostprocessing = 0;
		};
/* End PBXSourcesBuildPhase section */

/* Begin PBXVariantGroup section */
		BD63E53F25FB8D1100FCB17C /* LaunchScreen.storyboard */ = {
			isa = PBXVariantGroup;
			children = (
				BD63E54025FB8D1100FCB17C /* Base */,
			);
			name = LaunchScreen.storyboard;
			sourceTree = "<group>";
		};
/* End PBXVariantGroup section */

/* Begin XCBuildConfiguration section */
		BD63E54325FB8D1100FCB17C /* Debug */ = {
			isa = XCBuildConfiguration;
			buildSettings = {
				ALWAYS_SEARCH_USER_PATHS = NO;
				CLANG_ANALYZER_NONNULL = YES;
				CLANG_ANALYZER_NUMBER_OBJECT_CONVERSION = YES_AGGRESSIVE;
				CLANG_CXX_LANGUAGE_STANDARD = "gnu++14";
				CLANG_CXX_LIBRARY = "libc++";
				CLANG_ENABLE_MODULES = YES;
				CLANG_ENABLE_OBJC_ARC = YES;
				CLANG_ENABLE_OBJC_WEAK = YES;
				CLANG_WARN_BLOCK_CAPTURE_AUTORELEASING = YES;
				CLANG_WARN_BOOL_CONVERSION = YES;
				CLANG_WARN_COMMA = YES;
				CLANG_WARN_CONSTANT_CONVERSION = YES;
				CLANG_WARN_DEPRECATED_OBJC_IMPLEMENTATIONS = YES;
				CLANG_WARN_DIRECT_OBJC_ISA_USAGE = YES_ERROR;
				CLANG_WARN_DOCUMENTATION_COMMENTS = YES;
				CLANG_WARN_EMPTY_BODY = YES;
				CLANG_WARN_ENUM_CONVERSION = YES;
				CLANG_WARN_INFINITE_RECURSION = YES;
				CLANG_WARN_INT_CONVERSION = YES;
				CLANG_WARN_NON_LITERAL_NULL_CONVERSION = YES;
				CLANG_WARN_OBJC_IMPLICIT_RETAIN_SELF = YES;
				CLANG_WARN_OBJC_LITERAL_CONVERSION = YES;
				CLANG_WARN_OBJC_ROOT_CLASS = YES_ERROR;
				CLANG_WARN_QUOTED_INCLUDE_IN_FRAMEWORK_HEADER = YES;
				CLANG_WARN_RANGE_LOOP_ANALYSIS = YES;
				CLANG_WARN_STRICT_PROTOTYPES = YES;
				CLANG_WARN_SUSPICIOUS_MOVE = YES;
				CLANG_WARN_UNGUARDED_AVAILABILITY = YES_AGGRESSIVE;
				CLANG_WARN_UNREACHABLE_CODE = YES;
				CLANG_WARN__DUPLICATE_METHOD_MATCH = YES;
				COPY_PHASE_STRIP = NO;
				DEBUG_INFORMATION_FORMAT = dwarf;
				ENABLE_STRICT_OBJC_MSGSEND = YES;
				ENABLE_TESTABILITY = YES;
				GCC_C_LANGUAGE_STANDARD = gnu11;
				GCC_DYNAMIC_NO_PIC = NO;
				GCC_NO_COMMON_BLOCKS = YES;
				GCC_OPTIMIZATION_LEVEL = 0;
				GCC_PREPROCESSOR_DEFINITIONS = (
					"DEBUG=1",
					"$(inherited)",
				);
				GCC_WARN_64_TO_32_BIT_CONVERSION = YES;
				GCC_WARN_ABOUT_RETURN_TYPE = YES_ERROR;
				GCC_WARN_UNDECLARED_SELECTOR = YES;
				GCC_WARN_UNINITIALIZED_AUTOS = YES_AGGRESSIVE;
				GCC_WARN_UNUSED_FUNCTION = YES;
				GCC_WARN_UNUSED_VARIABLE = YES;
				IPHONEOS_DEPLOYMENT_TARGET = 14.4;
				MTL_ENABLE_DEBUG_INFO = INCLUDE_SOURCE;
				MTL_FAST_MATH = YES;
				ONLY_ACTIVE_ARCH = YES;
				SDKROOT = iphoneos;
				SWIFT_ACTIVE_COMPILATION_CONDITIONS = DEBUG;
				SWIFT_OPTIMIZATION_LEVEL = "-Onone";
			};
			name = Debug;
		};
		BD63E54425FB8D1100FCB17C /* Release */ = {
			isa = XCBuildConfiguration;
			buildSettings = {
				ALWAYS_SEARCH_USER_PATHS = NO;
				CLANG_ANALYZER_NONNULL = YES;
				CLANG_ANALYZER_NUMBER_OBJECT_CONVERSION = YES_AGGRESSIVE;
				CLANG_CXX_LANGUAGE_STANDARD = "gnu++14";
				CLANG_CXX_LIBRARY = "libc++";
				CLANG_ENABLE_MODULES = YES;
				CLANG_ENABLE_OBJC_ARC = YES;
				CLANG_ENABLE_OBJC_WEAK = YES;
				CLANG_WARN_BLOCK_CAPTURE_AUTORELEASING = YES;
				CLANG_WARN_BOOL_CONVERSION = YES;
				CLANG_WARN_COMMA = YES;
				CLANG_WARN_CONSTANT_CONVERSION = YES;
				CLANG_WARN_DEPRECATED_OBJC_IMPLEMENTATIONS = YES;
				CLANG_WARN_DIRECT_OBJC_ISA_USAGE = YES_ERROR;
				CLANG_WARN_DOCUMENTATION_COMMENTS = YES;
				CLANG_WARN_EMPTY_BODY = YES;
				CLANG_WARN_ENUM_CONVERSION = YES;
				CLANG_WARN_INFINITE_RECURSION = YES;
				CLANG_WARN_INT_CONVERSION = YES;
				CLANG_WARN_NON_LITERAL_NULL_CONVERSION = YES;
				CLANG_WARN_OBJC_IMPLICIT_RETAIN_SELF = YES;
				CLANG_WARN_OBJC_LITERAL_CONVERSION = YES;
				CLANG_WARN_OBJC_ROOT_CLASS = YES_ERROR;
				CLANG_WARN_QUOTED_INCLUDE_IN_FRAMEWORK_HEADER = YES;
				CLANG_WARN_RANGE_LOOP_ANALYSIS = YES;
				CLANG_WARN_STRICT_PROTOTYPES = YES;
				CLANG_WARN_SUSPICIOUS_MOVE = YES;
				CLANG_WARN_UNGUARDED_AVAILABILITY = YES_AGGRESSIVE;
				CLANG_WARN_UNREACHABLE_CODE = YES;
				CLANG_WARN__DUPLICATE_METHOD_MATCH = YES;
				COPY_PHASE_STRIP = NO;
				DEBUG_INFORMATION_FORMAT = "dwarf-with-dsym";
				ENABLE_NS_ASSERTIONS = NO;
				ENABLE_STRICT_OBJC_MSGSEND = YES;
				GCC_C_LANGUAGE_STANDARD = gnu11;
				GCC_NO_COMMON_BLOCKS = YES;
				GCC_WARN_64_TO_32_BIT_CONVERSION = YES;
				GCC_WARN_ABOUT_RETURN_TYPE = YES_ERROR;
				GCC_WARN_UNDECLARED_SELECTOR = YES;
				GCC_WARN_UNINITIALIZED_AUTOS = YES_AGGRESSIVE;
				GCC_WARN_UNUSED_FUNCTION = YES;
				GCC_WARN_UNUSED_VARIABLE = YES;
				IPHONEOS_DEPLOYMENT_TARGET = 14.4;
				MTL_ENABLE_DEBUG_INFO = NO;
				MTL_FAST_MATH = YES;
				SDKROOT = iphoneos;
				SWIFT_COMPILATION_MODE = wholemodule;
				SWIFT_OPTIMIZATION_LEVEL = "-O";
				VALIDATE_PRODUCT = YES;
			};
			name = Release;
		};
		BD63E54625FB8D1100FCB17C /* Debug */ = {
			isa = XCBuildConfiguration;
			buildSettings = {
				ASSETCATALOG_COMPILER_APPICON_NAME = AppIcon;
				ASSETCATALOG_COMPILER_GLOBAL_ACCENT_COLOR_NAME = AccentColor;
				CODE_SIGN_IDENTITY = "Apple Development";
				CODE_SIGN_STYLE = Automatic;
				DEVELOPMENT_TEAM = 72T7UWRAFX;
				INFOPLIST_FILE = ListApp/Info.plist;
				IPHONEOS_DEPLOYMENT_TARGET = 14.1;
				LD_RUNPATH_SEARCH_PATHS = (
					"$(inherited)",
					"@executable_path/Frameworks",
				);
				PRODUCT_BUNDLE_IDENTIFIER = com.tobi.lifeGoals.app;
				PRODUCT_NAME = "$(TARGET_NAME)";
				PROVISIONING_PROFILE_SPECIFIER = "";
				SWIFT_VERSION = 5.0;
				TARGETED_DEVICE_FAMILY = 1;
			};
			name = Debug;
		};
		BD63E54725FB8D1100FCB17C /* Release */ = {
			isa = XCBuildConfiguration;
			buildSettings = {
				ASSETCATALOG_COMPILER_APPICON_NAME = AppIcon;
				ASSETCATALOG_COMPILER_GLOBAL_ACCENT_COLOR_NAME = AccentColor;
				CODE_SIGN_IDENTITY = "Apple Development";
				CODE_SIGN_STYLE = Automatic;
				DEVELOPMENT_TEAM = 72T7UWRAFX;
				INFOPLIST_FILE = ListApp/Info.plist;
				IPHONEOS_DEPLOYMENT_TARGET = 14.1;
				LD_RUNPATH_SEARCH_PATHS = (
					"$(inherited)",
					"@executable_path/Frameworks",
				);
				PRODUCT_BUNDLE_IDENTIFIER = com.tobi.lifeGoals.app;
				PRODUCT_NAME = "$(TARGET_NAME)";
				PROVISIONING_PROFILE_SPECIFIER = "";
				SWIFT_VERSION = 5.0;
				TARGETED_DEVICE_FAMILY = 1;
			};
			name = Release;
		};
/* End XCBuildConfiguration section */

/* Begin XCConfigurationList section */
		BD63E52925FB8D1100FCB17C /* Build configuration list for PBXProject "life-goals" */ = {
			isa = XCConfigurationList;
			buildConfigurations = (
				BD63E54325FB8D1100FCB17C /* Debug */,
				BD63E54425FB8D1100FCB17C /* Release */,
			);
			defaultConfigurationIsVisible = 0;
			defaultConfigurationName = Release;
		};
		BD63E54525FB8D1100FCB17C /* Build configuration list for PBXNativeTarget "ListApp" */ = {
			isa = XCConfigurationList;
			buildConfigurations = (
				BD63E54625FB8D1100FCB17C /* Debug */,
				BD63E54725FB8D1100FCB17C /* Release */,
			);
			defaultConfigurationIsVisible = 0;
			defaultConfigurationName = Release;
		};
/* End XCConfigurationList section */

/* Begin XCVersionGroup section */
		BD63E53A25FB8D1100FCB17C /* ListApp.xcdatamodeld */ = {
			isa = XCVersionGroup;
			children = (
				BD63E53B25FB8D1100FCB17C /* ListApp.xcdatamodel */,
			);
			currentVersion = BD63E53B25FB8D1100FCB17C /* ListApp.xcdatamodel */;
			path = ListApp.xcdatamodeld;
			sourceTree = "<group>";
			versionGroupType = wrapper.xcdatamodel;
		};
/* End XCVersionGroup section */
	};
	rootObject = BD63E52625FB8D1100FCB17C /* Project object */;
}
